
Microsoft Visual Studio Solution File, Format Version 12.00
# Visual Studio Version 17
VisualStudioVersion = 17.8.34525.116
MinimumVisualStudioVersion = 10.0.40219.1
Project("{9A19103F-16F7-4668-BE54-9A1E7A4F7556}") = "Maze.Api", "Maze.API\Maze.Api.csproj", "{9E052630-16D4-4EDB-A87F-8943B6818249}"
EndProject
Project("{9A19103F-16F7-4668-BE54-9A1E7A4F7556}") = "Maze.Logic", "Maze.Logic\Maze.Logic.csproj", "{3A6695FA-FC27-4567-9146-2571D19930DB}"
EndProject
Project("{9A19103F-16F7-4668-BE54-9A1E7A4F7556}") = "Maze.Tests", "Maze.Tests\Maze.Tests.csproj", "{43FEE191-BAEE-43A1-80F8-FF47C71E9470}"
EndProject
Global
	GlobalSection(SolutionConfigurationPlatforms) = preSolution
		Debug|Any CPU = Debug|Any CPU
		Release|Any CPU = Release|Any CPU
	EndGlobalSection
	GlobalSection(ProjectConfigurationPlatforms) = postSolution
		{9E052630-16D4-4EDB-A87F-8943B6818249}.Debug|Any CPU.ActiveCfg = Debug|Any CPU
		{9E052630-16D4-4EDB-A87F-8943B6818249}.Debug|Any CPU.Build.0 = Debug|Any CPU
		{9E052630-16D4-4EDB-A87F-8943B6818249}.Release|Any CPU.ActiveCfg = Release|Any CPU
		{9E052630-16D4-4EDB-A87F-8943B6818249}.Release|Any CPU.Build.0 = Release|Any CPU
		{3A6695FA-FC27-4567-9146-2571D19930DB}.Debug|Any CPU.ActiveCfg = Debug|Any CPU
		{3A6695FA-FC27-4567-9146-2571D19930DB}.Debug|Any CPU.Build.0 = Debug|Any CPU
		{3A6695FA-FC27-4567-9146-2571D19930DB}.Release|Any CPU.ActiveCfg = Release|Any CPU
		{3A6695FA-FC27-4567-9146-2571D19930DB}.Release|Any CPU.Build.0 = Release|Any CPU
		{43FEE191-BAEE-43A1-80F8-FF47C71E9470}.Debug|Any CPU.ActiveCfg = Debug|Any CPU
		{43FEE191-BAEE-43A1-80F8-FF47C71E9470}.Debug|Any CPU.Build.0 = Debug|Any CPU
		{43FEE191-BAEE-43A1-80F8-FF47C71E9470}.Release|Any CPU.ActiveCfg = Release|Any CPU
		{43FEE191-BAEE-43A1-80F8-FF47C71E9470}.Release|Any CPU.Build.0 = Release|Any CPU
	EndGlobalSection
	GlobalSection(SolutionProperties) = preSolution
		HideSolutionNode = FALSE
	EndGlobalSection
	GlobalSection(ExtensibilityGlobals) = postSolution
		SolutionGuid = {3B85CABE-04ED-424E-BED1-53ACDF7757B2}
	EndGlobalSection
EndGlobal
